
Microsoft Visual Studio Solution File, Format Version 12.00
# Visual Studio Version 16
VisualStudioVersion = 16.0.31025.194
MinimumVisualStudioVersion = 10.0.40219.1
Project("{FAE04EC0-301F-11D3-BF4B-00C04F79EFBC}") = "InterfaceAbstractDemo", "InterfaceAbstractDemo\InterfaceAbstractDemo.csproj", "{BDC1178F-BDC4-48B5-8032-242A3171FCB2}"
EndProject
Global
	GlobalSection(SolutionConfigurationPlatforms) = preSolution
		Debug|Any CPU = Debug|Any CPU
		Release|Any CPU = Release|Any CPU
	EndGlobalSection
	GlobalSection(ProjectConfigurationPlatforms) = postSolution
		{BDC1178F-BDC4-48B5-8032-242A3171FCB2}.Debug|Any CPU.ActiveCfg = Debug|Any CPU
		{BDC1178F-BDC4-48B5-8032-242A3171FCB2}.Debug|Any CPU.Build.0 = Debug|Any CPU
		{BDC1178F-BDC4-48B5-8032-242A3171FCB2}.Release|Any CPU.ActiveCfg = Release|Any CPU
		{BDC1178F-BDC4-48B5-8032-242A3171FCB2}.Release|Any CPU.Build.0 = Release|Any CPU
	EndGlobalSection
	GlobalSection(SolutionProperties) = preSolution
		HideSolutionNode = FALSE
	EndGlobalSection
	GlobalSection(ExtensibilityGlobals) = postSolution
		SolutionGuid = {09BE2381-8F7E-407B-938C-5A797D9B2116}
	EndGlobalSection
EndGlobal
